
Microsoft Visual Studio Solution File, Format Version 12.00
# Visual Studio Version 17
VisualStudioVersion = 17.0.31903.59
MinimumVisualStudioVersion = 10.0.40219.1
Project("{FAE04EC0-301F-11D3-BF4B-00C04F79EFBC}") = "DungeonChess.Core", "DungeonChess.Core\DungeonChess.Core.csproj", "{CA130371-099E-4671-868B-9F9476D413FE}"
EndProject
Project("{FAE04EC0-301F-11D3-BF4B-00C04F79EFBC}") = "DungeonChess.Win", "DungeonChess.Win\DungeonChess.Win.csproj", "{2CD825BB-A999-4EC3-85BA-2ADC2F384295}"
EndProject
Global
	GlobalSection(SolutionConfigurationPlatforms) = preSolution
		Debug|Any CPU = Debug|Any CPU
		Release|Any CPU = Release|Any CPU
	EndGlobalSection
	GlobalSection(SolutionProperties) = preSolution
		HideSolutionNode = FALSE
	EndGlobalSection
	GlobalSection(ProjectConfigurationPlatforms) = postSolution
		{CA130371-099E-4671-868B-9F9476D413FE}.Debug|Any CPU.ActiveCfg = Debug|Any CPU
		{CA130371-099E-4671-868B-9F9476D413FE}.Debug|Any CPU.Build.0 = Debug|Any CPU
		{CA130371-099E-4671-868B-9F9476D413FE}.Release|Any CPU.ActiveCfg = Release|Any CPU
		{CA130371-099E-4671-868B-9F9476D413FE}.Release|Any CPU.Build.0 = Release|Any CPU
		{2CD825BB-A999-4EC3-85BA-2ADC2F384295}.Debug|Any CPU.ActiveCfg = Debug|Any CPU
		{2CD825BB-A999-4EC3-85BA-2ADC2F384295}.Debug|Any CPU.Build.0 = Debug|Any CPU
		{2CD825BB-A999-4EC3-85BA-2ADC2F384295}.Release|Any CPU.ActiveCfg = Release|Any CPU
		{2CD825BB-A999-4EC3-85BA-2ADC2F384295}.Release|Any CPU.Build.0 = Release|Any CPU
	EndGlobalSection
EndGlobal
